uuid: dfa71ce5-4b20-4fda-82b1-e9f4034d6db5
langcode: de
status: true
dependencies:
  config:
    - views.view.flag_bookmark
  module:
    - system
    - views
  theme:
    - adminimal_theme
id: views_block__flag_bookmark_block
theme: adminimal_theme
region: content
weight: -2
provider: null
plugin: 'views_block:flag_bookmark-block'
settings:
  id: 'views_block:flag_bookmark-block'
  label: ''
  label_display: visible
  provider: views
  views_label: ''
  items_per_page: none
visibility:
  request_path:
    id: request_path
    negate: false
    context_mapping: {  }
    pages: '<front>'
